
Microsoft Visual Studio Solution File, Format Version 12.00
# Visual Studio Version 16
VisualStudioVersion = 16.0.29806.167
MinimumVisualStudioVersion = 10.0.40219.1
Project("{FAE04EC0-301F-11D3-BF4B-00C04F79EFBC}") = "ImageResizer", "ImageResizer\ImageResizer.csproj", "{1F9C08A8-BA2A-4B30-9C9B-140A8E0CEC5E}"
EndProject
Global
	GlobalSection(SolutionConfigurationPlatforms) = preSolution
		Debug|Any CPU = Debug|Any CPU
		Release|Any CPU = Release|Any CPU
	EndGlobalSection
	GlobalSection(ProjectConfigurationPlatforms) = postSolution
		{1F9C08A8-BA2A-4B30-9C9B-140A8E0CEC5E}.Debug|Any CPU.ActiveCfg = Debug|Any CPU
		{1F9C08A8-BA2A-4B30-9C9B-140A8E0CEC5E}.Debug|Any CPU.Build.0 = Debug|Any CPU
		{1F9C08A8-BA2A-4B30-9C9B-140A8E0CEC5E}.Release|Any CPU.ActiveCfg = Release|Any CPU
		{1F9C08A8-BA2A-4B30-9C9B-140A8E0CEC5E}.Release|Any CPU.Build.0 = Release|Any CPU
	EndGlobalSection
	GlobalSection(SolutionProperties) = preSolution
		HideSolutionNode = FALSE
	EndGlobalSection
	GlobalSection(ExtensibilityGlobals) = postSolution
		SolutionGuid = {1DA71831-7F49-4331-AA7F-947791C809D7}
	EndGlobalSection
EndGlobal
